
Microsoft Visual Studio Solution File, Format Version 12.00
# Visual Studio Version 17
VisualStudioVersion = 17.3.32901.215
MinimumVisualStudioVersion = 10.0.40219.1
Project("{2150E333-8FDC-42A3-9474-1A3956D46DE8}") = "src", "src", "{8C23C8AF-A3C9-4724-9938-70887C86BB47}"
EndProject
Project("{2150E333-8FDC-42A3-9474-1A3956D46DE8}") = "test", "test", "{8F6630FB-F792-474B-BD46-2FBF53E6A854}"
EndProject
Project("{2150E333-8FDC-42A3-9474-1A3956D46DE8}") = "UI", "UI", "{EBC37FFB-9ABF-4DFD-BE9E-1E69568527E0}"
EndProject
Project("{2150E333-8FDC-42A3-9474-1A3956D46DE8}") = "API", "API", "{20EAAC30-5E2A-452F-A3BC-0B23FA9B9D73}"
EndProject
Project("{2150E333-8FDC-42A3-9474-1A3956D46DE8}") = "Core", "Core", "{AA4D837A-963C-4271-B358-91EF7EA2B3FD}"
EndProject
Project("{2150E333-8FDC-42A3-9474-1A3956D46DE8}") = "Infrastructure", "Infrastructure", "{E609EA2C-713D-4602-87BC-33F7E65055FF}"
EndProject
Project("{9A19103F-16F7-4668-BE54-9A1E7A4F7556}") = "LeaveManagement.Domain", "LeaveManagement.Domain\LeaveManagement.Domain.csproj", "{FAB6ED77-EA5A-4099-A6A8-0B1F2FDDD369}"
EndProject
Project("{FAE04EC0-301F-11D3-BF4B-00C04F79EFBC}") = "LeaveManagement.Application", "LeaveManagement.Application\LeaveManagement.Application.csproj", "{17602595-4263-4791-B275-A7923F9581E1}"
EndProject
Global
	GlobalSection(SolutionConfigurationPlatforms) = preSolution
		Debug|Any CPU = Debug|Any CPU
		Release|Any CPU = Release|Any CPU
	EndGlobalSection
	GlobalSection(ProjectConfigurationPlatforms) = postSolution
		{FAB6ED77-EA5A-4099-A6A8-0B1F2FDDD369}.Debug|Any CPU.ActiveCfg = Debug|Any CPU
		{FAB6ED77-EA5A-4099-A6A8-0B1F2FDDD369}.Debug|Any CPU.Build.0 = Debug|Any CPU
		{FAB6ED77-EA5A-4099-A6A8-0B1F2FDDD369}.Release|Any CPU.ActiveCfg = Release|Any CPU
		{FAB6ED77-EA5A-4099-A6A8-0B1F2FDDD369}.Release|Any CPU.Build.0 = Release|Any CPU
		{17602595-4263-4791-B275-A7923F9581E1}.Debug|Any CPU.ActiveCfg = Debug|Any CPU
		{17602595-4263-4791-B275-A7923F9581E1}.Debug|Any CPU.Build.0 = Debug|Any CPU
		{17602595-4263-4791-B275-A7923F9581E1}.Release|Any CPU.ActiveCfg = Release|Any CPU
		{17602595-4263-4791-B275-A7923F9581E1}.Release|Any CPU.Build.0 = Release|Any CPU
	EndGlobalSection
	GlobalSection(SolutionProperties) = preSolution
		HideSolutionNode = FALSE
	EndGlobalSection
	GlobalSection(NestedProjects) = preSolution
		{EBC37FFB-9ABF-4DFD-BE9E-1E69568527E0} = {8C23C8AF-A3C9-4724-9938-70887C86BB47}
		{20EAAC30-5E2A-452F-A3BC-0B23FA9B9D73} = {8C23C8AF-A3C9-4724-9938-70887C86BB47}
		{AA4D837A-963C-4271-B358-91EF7EA2B3FD} = {8C23C8AF-A3C9-4724-9938-70887C86BB47}
		{E609EA2C-713D-4602-87BC-33F7E65055FF} = {8C23C8AF-A3C9-4724-9938-70887C86BB47}
		{FAB6ED77-EA5A-4099-A6A8-0B1F2FDDD369} = {AA4D837A-963C-4271-B358-91EF7EA2B3FD}
		{17602595-4263-4791-B275-A7923F9581E1} = {AA4D837A-963C-4271-B358-91EF7EA2B3FD}
	EndGlobalSection
	GlobalSection(ExtensibilityGlobals) = postSolution
		SolutionGuid = {2BB2C8BA-33A7-4F02-A506-5CA72E8C6043}
	EndGlobalSection
EndGlobal
